
Microsoft Visual Studio Solution File, Format Version 12.00
# Visual Studio Version 17
VisualStudioVersion = 17.5.33627.172
MinimumVisualStudioVersion = 10.0.40219.1
Project("{FAE04EC0-301F-11D3-BF4B-00C04F79EFBC}") = "NationalLevelPaperPresentation", "NationalLevelPaperPresentation\NationalLevelPaperPresentation.csproj", "{868BE6C9-0476-42A5-91BE-D3FB975F699D}"
EndProject
Global
	GlobalSection(SolutionConfigurationPlatforms) = preSolution
		Debug|Any CPU = Debug|Any CPU
		Release|Any CPU = Release|Any CPU
	EndGlobalSection
	GlobalSection(ProjectConfigurationPlatforms) = postSolution
		{868BE6C9-0476-42A5-91BE-D3FB975F699D}.Debug|Any CPU.ActiveCfg = Debug|Any CPU
		{868BE6C9-0476-42A5-91BE-D3FB975F699D}.Debug|Any CPU.Build.0 = Debug|Any CPU
		{868BE6C9-0476-42A5-91BE-D3FB975F699D}.Release|Any CPU.ActiveCfg = Release|Any CPU
		{868BE6C9-0476-42A5-91BE-D3FB975F699D}.Release|Any CPU.Build.0 = Release|Any CPU
	EndGlobalSection
	GlobalSection(SolutionProperties) = preSolution
		HideSolutionNode = FALSE
	EndGlobalSection
	GlobalSection(ExtensibilityGlobals) = postSolution
		SolutionGuid = {472F64E3-4A6A-45D1-A71D-2BA2DC65A307}
	EndGlobalSection
EndGlobal
